// !$*UTF8*$!
{
	archiveVersion = 1;
	classes = {
	};
	objectVersion = 46;
	objects = {

/* Begin PBXBuildFile section */
		EF296B9117BBFB7B00208786 /* UIKit.framework in Frameworks */ = {isa = PBXBuildFile; fileRef = EF296B9017BBFB7B00208786 /* UIKit.framework */; };
		EF296B9317BBFB7B00208786 /* Foundation.framework in Frameworks */ = {isa = PBXBuildFile; fileRef = EF296B9217BBFB7B00208786 /* Foundation.framework */; };
		EF296B9517BBFB7B00208786 /* CoreGraphics.framework in Frameworks */ = {isa = PBXBuildFile; fileRef = EF296B9417BBFB7B00208786 /* CoreGraphics.framework */; };
		EF296B9B17BBFB7B00208786 /* InfoPlist.strings in Resources */ = {isa = PBXBuildFile; fileRef = EF296B9917BBFB7B00208786 /* InfoPlist.strings */; };
		EF296B9D17BBFB7B00208786 /* main.m in Sources */ = {isa = PBXBuildFile; fileRef = EF296B9C17BBFB7B00208786 /* main.m */; };
		EF296BA117BBFB7B00208786 /* OCSAppDelegate.m in Sources */ = {isa = PBXBuildFile; fileRef = EF296BA017BBFB7B00208786 /* OCSAppDelegate.m */; };
		EF296BA317BBFB7B00208786 /* Default.png in Resources */ = {isa = PBXBuildFile; fileRef = EF296BA217BBFB7B00208786 /* Default.png */; };
		EF296BA517BBFB7B00208786 /* Default@2x.png in Resources */ = {isa = PBXBuildFile; fileRef = EF296BA417BBFB7B00208786 /* Default@2x.png */; };
		EF296BA717BBFB7B00208786 /* Default-568h@2x.png in Resources */ = {isa = PBXBuildFile; fileRef = EF296BA617BBFB7B00208786 /* Default-568h@2x.png */; };
		EF296BAA17BBFB7B00208786 /* MainStoryboard_iPhone.storyboard in Resources */ = {isa = PBXBuildFile; fileRef = EF296BA817BBFB7B00208786 /* MainStoryboard_iPhone.storyboard */; };
		EF296BAD17BBFB7B00208786 /* MainStoryboard_iPad.storyboard in Resources */ = {isa = PBXBuildFile; fileRef = EF296BAB17BBFB7B00208786 /* MainStoryboard_iPad.storyboard */; };
		EF296BB017BBFB7B00208786 /* OCSViewController.m in Sources */ = {isa = PBXBuildFile; fileRef = EF296BAF17BBFB7B00208786 /* OCSViewController.m */; };
		EF296BB817BBFB7B00208786 /* SenTestingKit.framework in Frameworks */ = {isa = PBXBuildFile; fileRef = EF296BB717BBFB7B00208786 /* SenTestingKit.framework */; };
		EF296BB917BBFB7B00208786 /* UIKit.framework in Frameworks */ = {isa = PBXBuildFile; fileRef = EF296B9017BBFB7B00208786 /* UIKit.framework */; };
		EF296BBA17BBFB7B00208786 /* Foundation.framework in Frameworks */ = {isa = PBXBuildFile; fileRef = EF296B9217BBFB7B00208786 /* Foundation.framework */; };
		EF296BC217BBFB7B00208786 /* InfoPlist.strings in Resources */ = {isa = PBXBuildFile; fileRef = EF296BC017BBFB7B00208786 /* InfoPlist.strings */; };
		EF296BC517BBFB7B00208786 /* OpsCheckSampleTests.m in Sources */ = {isa = PBXBuildFile; fileRef = EF296BC417BBFB7B00208786 /* OpsCheckSampleTests.m */; };
		EF296BD317BBFCCD00208786 /* OpsCheckSDK.framework in Frameworks */ = {isa = PBXBuildFile; fileRef = EF296BD217BBFCCD00208786 /* OpsCheckSDK.framework */; };
/* End PBXBuildFile section */

/* Begin PBXContainerItemProxy section */
		EF296BBB17BBFB7B00208786 /* PBXContainerItemProxy */ = {
			isa = PBXContainerItemProxy;
			containerPortal = EF296B8517BBFB7B00208786 /* Project object */;
			proxyType = 1;
			remoteGlobalIDString = EF296B8C17BBFB7B00208786;
			remoteInfo = OpsCheckSample;
		};
/* End PBXContainerItemProxy section */

/* Begin PBXFileReference section */
		EF296B8D17BBFB7B00208786 /* OpsCheckSample.app */ = {isa = PBXFileReference; explicitFileType = wrapper.application; includeInIndex = 0; path = OpsCheckSample.app; sourceTree = BUILT_PRODUCTS_DIR; };
		EF296B9017BBFB7B00208786 /* UIKit.framework */ = {isa = PBXFileReference; lastKnownFileType = wrapper.framework; name = UIKit.framework; path = System/Library/Frameworks/UIKit.framework; sourceTree = SDKROOT; };
		EF296B9217BBFB7B00208786 /* Foundation.framework */ = {isa = PBXFileReference; lastKnownFileType = wrapper.framework; name = Foundation.framework; path = System/Library/Frameworks/Foundation.framework; sourceTree = SDKROOT; };
		EF296B9417BBFB7B00208786 /* CoreGraphics.framework */ = {isa = PBXFileReference; lastKnownFileType = wrapper.framework; name = CoreGraphics.framework; path = System/Library/Frameworks/CoreGraphics.framework; sourceTree = SDKROOT; };
		EF296B9817BBFB7B00208786 /* OpsCheckSample-Info.plist */ = {isa = PBXFileReference; lastKnownFileType = text.plist.xml; path = "OpsCheckSample-Info.plist"; sourceTree = "<group>"; };
		EF296B9A17BBFB7B00208786 /* en */ = {isa = PBXFileReference; lastKnownFileType = text.plist.strings; name = en; path = en.lproj/InfoPlist.strings; sourceTree = "<group>"; };
		EF296B9C17BBFB7B00208786 /* main.m */ = {isa = PBXFileReference; lastKnownFileType = sourcecode.c.objc; path = main.m; sourceTree = "<group>"; };
		EF296B9E17BBFB7B00208786 /* OpsCheckSample-Prefix.pch */ = {isa = PBXFileReference; lastKnownFileType = sourcecode.c.h; path = "OpsCheckSample-Prefix.pch"; sourceTree = "<group>"; };
		EF296B9F17BBFB7B00208786 /* OCSAppDelegate.h */ = {isa = PBXFileReference; lastKnownFileType = sourcecode.c.h; path = OCSAppDelegate.h; sourceTree = "<group>"; };
		EF296BA017BBFB7B00208786 /* OCSAppDelegate.m */ = {isa = PBXFileReference; lastKnownFileType = sourcecode.c.objc; path = OCSAppDelegate.m; sourceTree = "<group>"; };
		EF296BA217BBFB7B00208786 /* Default.png */ = {isa = PBXFileReference; lastKnownFileType = image.png; path = Default.png; sourceTree = "<group>"; };
		EF296BA417BBFB7B00208786 /* Default@2x.png */ = {isa = PBXFileReference; lastKnownFileType = image.png; path = "Default@2x.png"; sourceTree = "<group>"; };
		EF296BA617BBFB7B00208786 /* Default-568h@2x.png */ = {isa = PBXFileReference; lastKnownFileType = image.png; path = "Default-568h@2x.png"; sourceTree = "<group>"; };
		EF296BA917BBFB7B00208786 /* en */ = {isa = PBXFileReference; lastKnownFileType = file.storyboard; name = en; path = en.lproj/MainStoryboard_iPhone.storyboard; sourceTree = "<group>"; };
		EF296BAC17BBFB7B00208786 /* en */ = {isa = PBXFileReference; lastKnownFileType = file.storyboard; name = en; path = en.lproj/MainStoryboard_iPad.storyboard; sourceTree = "<group>"; };
		EF296BAE17BBFB7B00208786 /* OCSViewController.h */ = {isa = PBXFileReference; lastKnownFileType = sourcecode.c.h; path = OCSViewController.h; sourceTree = "<group>"; };
		EF296BAF17BBFB7B00208786 /* OCSViewController.m */ = {isa = PBXFileReference; lastKnownFileType = sourcecode.c.objc; path = OCSViewController.m; sourceTree = "<group>"; };
		EF296BB617BBFB7B00208786 /* OpsCheckSampleTests.octest */ = {isa = PBXFileReference; explicitFileType = wrapper.cfbundle; includeInIndex = 0; path = OpsCheckSampleTests.octest; sourceTree = BUILT_PRODUCTS_DIR; };
		EF296BB717BBFB7B00208786 /* SenTestingKit.framework */ = {isa = PBXFileReference; lastKnownFileType = wrapper.framework; name = SenTestingKit.framework; path = Library/Frameworks/SenTestingKit.framework; sourceTree = DEVELOPER_DIR; };
		EF296BBF17BBFB7B00208786 /* OpsCheckSampleTests-Info.plist */ = {isa = PBXFileReference; lastKnownFileType = text.plist.xml; path = "OpsCheckSampleTests-Info.plist"; sourceTree = "<group>"; };
		EF296BC117BBFB7B00208786 /* en */ = {isa = PBXFileReference; lastKnownFileType = text.plist.strings; name = en; path = en.lproj/InfoPlist.strings; sourceTree = "<group>"; };
		EF296BC317BBFB7B00208786 /* OpsCheckSampleTests.h */ = {isa = PBXFileReference; lastKnownFileType = sourcecode.c.h; path = OpsCheckSampleTests.h; sourceTree = "<group>"; };
		EF296BC417BBFB7B00208786 /* OpsCheckSampleTests.m */ = {isa = PBXFileReference; lastKnownFileType = sourcecode.c.objc; path = OpsCheckSampleTests.m; sourceTree = "<group>"; };
		EF296BD217BBFCCD00208786 /* OpsCheckSDK.framework */ = {isa = PBXFileReference; lastKnownFileType = wrapper.framework; path = OpsCheckSDK.framework; sourceTree = "<group>"; };
/* End PBXFileReference section */

/* Begin PBXFrameworksBuildPhase section */
		EF296B8A17BBFB7B00208786 /* Frameworks */ = {
			isa = PBXFrameworksBuildPhase;
			buildActionMask = 2147483647;
			files = (
				EF296B9117BBFB7B00208786 /* UIKit.framework in Frameworks */,
				EF296B9317BBFB7B00208786 /* Foundation.framework in Frameworks */,
				EF296B9517BBFB7B00208786 /* CoreGraphics.framework in Frameworks */,
				EF296BD317BBFCCD00208786 /* OpsCheckSDK.framework in Frameworks */,
			);
			runOnlyForDeploymentPostprocessing = 0;
		};
		EF296BB217BBFB7B00208786 /* Frameworks */ = {
			isa = PBXFrameworksBuildPhase;
			buildActionMask = 2147483647;
			files = (
				EF296BB817BBFB7B00208786 /* SenTestingKit.framework in Frameworks */,
				EF296BB917BBFB7B00208786 /* UIKit.framework in Frameworks */,
				EF296BBA17BBFB7B00208786 /* Foundation.framework in Frameworks */,
			);
			runOnlyForDeploymentPostprocessing = 0;
		};
/* End PBXFrameworksBuildPhase section */

/* Begin PBXGroup section */
		EF296B8417BBFB7B00208786 = {
			isa = PBXGroup;
			children = (
				EF296B9617BBFB7B00208786 /* OpsCheckSample */,
				EF296BBD17BBFB7B00208786 /* OpsCheckSampleTests */,
				EF296B8F17BBFB7B00208786 /* Frameworks */,
				EF296B8E17BBFB7B00208786 /* Products */,
			);
			sourceTree = "<group>";
		};
		EF296B8E17BBFB7B00208786 /* Products */ = {
			isa = PBXGroup;
			children = (
				EF296B8D17BBFB7B00208786 /* OpsCheckSample.app */,
				EF296BB617BBFB7B00208786 /* OpsCheckSampleTests.octest */,
			);
			name = Products;
			sourceTree = "<group>";
		};
		EF296B8F17BBFB7B00208786 /* Frameworks */ = {
			isa = PBXGroup;
			children = (
				EF296BD217BBFCCD00208786 /* OpsCheckSDK.framework */,
				EF296B9017BBFB7B00208786 /* UIKit.framework */,
				EF296B9217BBFB7B00208786 /* Foundation.framework */,
				EF296B9417BBFB7B00208786 /* CoreGraphics.framework */,
				EF296BB717BBFB7B00208786 /* SenTestingKit.framework */,
			);
			name = Frameworks;
			sourceTree = "<group>";
		};
		EF296B9617BBFB7B00208786 /* OpsCheckSample */ = {
			isa = PBXGroup;
			children = (
				EF296B9F17BBFB7B00208786 /* OCSAppDelegate.h */,
				EF296BA017BBFB7B00208786 /* OCSAppDelegate.m */,
				EF296BA817BBFB7B00208786 /* MainStoryboard_iPhone.storyboard */,
				EF296BAB17BBFB7B00208786 /* MainStoryboard_iPad.storyboard */,
				EF296BAE17BBFB7B00208786 /* OCSViewController.h */,
				EF296BAF17BBFB7B00208786 /* OCSViewController.m */,
				EF296B9717BBFB7B00208786 /* Supporting Files */,
			);
			path = OpsCheckSample;
			sourceTree = "<group>";
		};
		EF296B9717BBFB7B00208786 /* Supporting Files */ = {
			isa = PBXGroup;
			children = (
				EF296B9817BBFB7B00208786 /* OpsCheckSample-Info.plist */,
				EF296B9917BBFB7B00208786 /* InfoPlist.strings */,
				EF296B9C17BBFB7B00208786 /* main.m */,
				EF296B9E17BBFB7B00208786 /* OpsCheckSample-Prefix.pch */,
				EF296BA217BBFB7B00208786 /* Default.png */,
				EF296BA417BBFB7B00208786 /* Default@2x.png */,
				EF296BA617BBFB7B00208786 /* Default-568h@2x.png */,
			);
			name = "Supporting Files";
			sourceTree = "<group>";
		};
		EF296BBD17BBFB7B00208786 /* OpsCheckSampleTests */ = {
			isa = PBXGroup;
			children = (
				EF296BC317BBFB7B00208786 /* OpsCheckSampleTests.h */,
				EF296BC417BBFB7B00208786 /* OpsCheckSampleTests.m */,
				EF296BBE17BBFB7B00208786 /* Supporting Files */,
			);
			path = OpsCheckSampleTests;
			sourceTree = "<group>";
		};
		EF296BBE17BBFB7B00208786 /* Supporting Files */ = {
			isa = PBXGroup;
			children = (
				EF296BBF17BBFB7B00208786 /* OpsCheckSampleTests-Info.plist */,
				EF296BC017BBFB7B00208786 /* InfoPlist.strings */,
			);
			name = "Supporting Files";
			sourceTree = "<group>";
		};
/* End PBXGroup section */

/* Begin PBXNativeTarget section */
		EF296B8C17BBFB7B00208786 /* OpsCheckSample */ = {
			isa = PBXNativeTarget;
			buildConfigurationList = EF296BC817BBFB7B00208786 /* Build configuration list for PBXNativeTarget "OpsCheckSample" */;
			buildPhases = (
				EF296B8917BBFB7B00208786 /* Sources */,
				EF296B8A17BBFB7B00208786 /* Frameworks */,
				EF296B8B17BBFB7B00208786 /* Resources */,
			);
			buildRules = (
			);
			dependencies = (
			);
			name = OpsCheckSample;
			productName = OpsCheckSample;
			productReference = EF296B8D17BBFB7B00208786 /* OpsCheckSample.app */;
			productType = "com.apple.product-type.application";
		};
		EF296BB517BBFB7B00208786 /* OpsCheckSampleTests */ = {
			isa = PBXNativeTarget;
			buildConfigurationList = EF296BCB17BBFB7B00208786 /* Build configuration list for PBXNativeTarget "OpsCheckSampleTests" */;
			buildPhases = (
				EF296BB117BBFB7B00208786 /* Sources */,
				EF296BB217BBFB7B00208786 /* Frameworks */,
				EF296BB317BBFB7B00208786 /* Resources */,
				EF296BB417BBFB7B00208786 /* ShellScript */,
			);
			buildRules = (
			);
			dependencies = (
				EF296BBC17BBFB7B00208786 /* PBXTargetDependency */,
			);
			name = OpsCheckSampleTests;
			productName = OpsCheckSampleTests;
			productReference = EF296BB617BBFB7B00208786 /* OpsCheckSampleTests.octest */;
			productType = "com.apple.product-type.bundle";
		};
/* End PBXNativeTarget section */

/* Begin PBXProject section */
		EF296B8517BBFB7B00208786 /* Project object */ = {
			isa = PBXProject;
			attributes = {
				CLASSPREFIX = OCS;
				LastUpgradeCheck = 0460;
				ORGANIZATIONNAME = Slalom;
			};
			buildConfigurationList = EF296B8817BBFB7B00208786 /* Build configuration list for PBXProject "OpsCheckSample" */;
			compatibilityVersion = "Xcode 3.2";
			developmentRegion = English;
			hasScannedForEncodings = 0;
			knownRegions = (
				en,
			);
			mainGroup = EF296B8417BBFB7B00208786;
			productRefGroup = EF296B8E17BBFB7B00208786 /* Products */;
			projectDirPath = "";
			projectRoot = "";
			targets = (
				EF296B8C17BBFB7B00208786 /* OpsCheckSample */,
				EF296BB517BBFB7B00208786 /* OpsCheckSampleTests */,
			);
		};
/* End PBXProject section */

/* Begin PBXResourcesBuildPhase section */
		EF296B8B17BBFB7B00208786 /* Resources */ = {
			isa = PBXResourcesBuildPhase;
			buildActionMask = 2147483647;
			files = (
				EF296B9B17BBFB7B00208786 /* InfoPlist.strings in Resources */,
				EF296BA317BBFB7B00208786 /* Default.png in Resources */,
				EF296BA517BBFB7B00208786 /* Default@2x.png in Resources */,
				EF296BA717BBFB7B00208786 /* Default-568h@2x.png in Resources */,
				EF296BAA17BBFB7B00208786 /* MainStoryboard_iPhone.storyboard in Resources */,
				EF296BAD17BBFB7B00208786 /* MainStoryboard_iPad.storyboard in Resources */,
			);
			runOnlyForDeploymentPostprocessing = 0;
		};
		EF296BB317BBFB7B00208786 /* Resources */ = {
			isa = PBXResourcesBuildPhase;
			buildActionMask = 2147483647;
			files = (
				EF296BC217BBFB7B00208786 /* InfoPlist.strings in Resources */,
			);
			runOnlyForDeploymentPostprocessing = 0;
		};
/* End PBXResourcesBuildPhase section */

/* Begin PBXShellScriptBuildPhase section */
		EF296BB417BBFB7B00208786 /* ShellScript */ = {
			isa = PBXShellScriptBuildPhase;
			buildActionMask = 2147483647;
			files = (
			);
			inputPaths = (
			);
			outputPaths = (
			);
			runOnlyForDeploymentPostprocessing = 0;
			shellPath = /bin/sh;
			shellScript = "# Run the unit tests in this test bundle.\n\"${SYSTEM_DEVELOPER_DIR}/Tools/RunUnitTests\"\n";
		};
/* End PBXShellScriptBuildPhase section */

/* Begin PBXSourcesBuildPhase section */
		EF296B8917BBFB7B00208786 /* Sources */ = {
			isa = PBXSourcesBuildPhase;
			buildActionMask = 2147483647;
			files = (
				EF296B9D17BBFB7B00208786 /* main.m in Sources */,
				EF296BA117BBFB7B00208786 /* OCSAppDelegate.m in Sources */,
				EF296BB017BBFB7B00208786 /* OCSViewController.m in Sources */,
			);
			runOnlyForDeploymentPostprocessing = 0;
		};
		EF296BB117BBFB7B00208786 /* Sources */ = {
			isa = PBXSourcesBuildPhase;
			buildActionMask = 2147483647;
			files = (
				EF296BC517BBFB7B00208786 /* OpsCheckSampleTests.m in Sources */,
			);
			runOnlyForDeploymentPostprocessing = 0;
		};
/* End PBXSourcesBuildPhase section */

/* Begin PBXTargetDependency section */
		EF296BBC17BBFB7B00208786 /* PBXTargetDependency */ = {
			isa = PBXTargetDependency;
			target = EF296B8C17BBFB7B00208786 /* OpsCheckSample */;
			targetProxy = EF296BBB17BBFB7B00208786 /* PBXContainerItemProxy */;
		};
/* End PBXTargetDependency section */

/* Begin PBXVariantGroup section */
		EF296B9917BBFB7B00208786 /* InfoPlist.strings */ = {
			isa = PBXVariantGroup;
			children = (
				EF296B9A17BBFB7B00208786 /* en */,
			);
			name = InfoPlist.strings;
			sourceTree = "<group>";
		};
		EF296BA817BBFB7B00208786 /* MainStoryboard_iPhone.storyboard */ = {
			isa = PBXVariantGroup;
			children = (
				EF296BA917BBFB7B00208786 /* en */,
			);
			name = MainStoryboard_iPhone.storyboard;
			sourceTree = "<group>";
		};
		EF296BAB17BBFB7B00208786 /* MainStoryboard_iPad.storyboard */ = {
			isa = PBXVariantGroup;
			children = (
				EF296BAC17BBFB7B00208786 /* en */,
			);
			name = MainStoryboard_iPad.storyboard;
			sourceTree = "<group>";
		};
		EF296BC017BBFB7B00208786 /* InfoPlist.strings */ = {
			isa = PBXVariantGroup;
			children = (
				EF296BC117BBFB7B00208786 /* en */,
			);
			name = InfoPlist.strings;
			sourceTree = "<group>";
		};
/* End PBXVariantGroup section */

/* Begin XCBuildConfiguration section */
		EF296BC617BBFB7B00208786 /* Debug */ = {
			isa = XCBuildConfiguration;
			buildSettings = {
				ALWAYS_SEARCH_USER_PATHS = NO;
				CLANG_CXX_LANGUAGE_STANDARD = "gnu++0x";
				CLANG_CXX_LIBRARY = "libc++";
				CLANG_ENABLE_OBJC_ARC = YES;
				CLANG_WARN_CONSTANT_CONVERSION = YES;
				CLANG_WARN_EMPTY_BODY = YES;
				CLANG_WARN_ENUM_CONVERSION = YES;
				CLANG_WARN_INT_CONVERSION = YES;
				CLANG_WARN__DUPLICATE_METHOD_MATCH = YES;
				"CODE_SIGN_IDENTITY[sdk=iphoneos*]" = "iPhone Developer";
				COPY_PHASE_STRIP = NO;
				GCC_C_LANGUAGE_STANDARD = gnu99;
				GCC_DYNAMIC_NO_PIC = NO;
				GCC_OPTIMIZATION_LEVEL = 0;
				GCC_PREPROCESSOR_DEFINITIONS = (
					"DEBUG=1",
					"$(inherited)",
				);
				GCC_SYMBOLS_PRIVATE_EXTERN = NO;
				GCC_WARN_ABOUT_RETURN_TYPE = YES;
				GCC_WARN_UNINITIALIZED_AUTOS = YES;
				GCC_WARN_UNUSED_VARIABLE = YES;
				IPHONEOS_DEPLOYMENT_TARGET = 6.1;
				ONLY_ACTIVE_ARCH = YES;
				SDKROOT = iphoneos;
				TARGETED_DEVICE_FAMILY = "1,2";
			};
			name = Debug;
		};
		EF296BC717BBFB7B00208786 /* Release */ = {
			isa = XCBuildConfiguration;
			buildSettings = {
				ALWAYS_SEARCH_USER_PATHS = NO;
				CLANG_CXX_LANGUAGE_STANDARD = "gnu++0x";
				CLANG_CXX_LIBRARY = "libc++";
				CLANG_ENABLE_OBJC_ARC = YES;
				CLANG_WARN_CONSTANT_CONVERSION = YES;
				CLANG_WARN_EMPTY_BODY = YES;
				CLANG_WARN_ENUM_CONVERSION = YES;
				CLANG_WARN_INT_CONVERSION = YES;
				CLANG_WARN__DUPLICATE_METHOD_MATCH = YES;
				"CODE_SIGN_IDENTITY[sdk=iphoneos*]" = "iPhone Developer";
				COPY_PHASE_STRIP = YES;
				GCC_C_LANGUAGE_STANDARD = gnu99;
				GCC_WARN_ABOUT_RETURN_TYPE = YES;
				GCC_WARN_UNINITIALIZED_AUTOS = YES;
				GCC_WARN_UNUSED_VARIABLE = YES;
				IPHONEOS_DEPLOYMENT_TARGET = 6.1;
				OTHER_CFLAGS = "-DNS_BLOCK_ASSERTIONS=1";
				SDKROOT = iphoneos;
				TARGETED_DEVICE_FAMILY = "1,2";
				VALIDATE_PRODUCT = YES;
			};
			name = Release;
		};
		EF296BC917BBFB7B00208786 /* Debug */ = {
			isa = XCBuildConfiguration;
			buildSettings = {
				FRAMEWORK_SEARCH_PATHS = (
					"$(inherited)",
					"\"$(SRCROOT)\"",
				);
				GCC_PRECOMPILE_PREFIX_HEADER = YES;
				GCC_PREFIX_HEADER = "OpsCheckSample/OpsCheckSample-Prefix.pch";
				INFOPLIST_FILE = "OpsCheckSample/OpsCheckSample-Info.plist";
				PRODUCT_NAME = "$(TARGET_NAME)";
				WRAPPER_EXTENSION = app;
			};
			name = Debug;
		};
		EF296BCA17BBFB7B00208786 /* Release */ = {
			isa = XCBuildConfiguration;
			buildSettings = {
				FRAMEWORK_SEARCH_PATHS = (
					"$(inherited)",
					"\"$(SRCROOT)\"",
				);
				GCC_PRECOMPILE_PREFIX_HEADER = YES;
				GCC_PREFIX_HEADER = "OpsCheckSample/OpsCheckSample-Prefix.pch";
				INFOPLIST_FILE = "OpsCheckSample/OpsCheckSample-Info.plist";
				PRODUCT_NAME = "$(TARGET_NAME)";
				WRAPPER_EXTENSION = app;
			};
			name = Release;
		};
		EF296BCC17BBFB7B00208786 /* Debug */ = {
			isa = XCBuildConfiguration;
			buildSettings = {
				BUNDLE_LOADER = "$(BUILT_PRODUCTS_DIR)/OpsCheckSample.app/OpsCheckSample";
				FRAMEWORK_SEARCH_PATHS = (
					"\"$(SDKROOT)/Developer/Library/Frameworks\"",
					"\"$(DEVELOPER_LIBRARY_DIR)/Frameworks\"",
				);
				GCC_PRECOMPILE_PREFIX_HEADER = YES;
				GCC_PREFIX_HEADER = "OpsCheckSample/OpsCheckSample-Prefix.pch";
				INFOPLIST_FILE = "OpsCheckSampleTests/OpsCheckSampleTests-Info.plist";
				PRODUCT_NAME = "$(TARGET_NAME)";
				TEST_HOST = "$(BUNDLE_LOADER)";
				WRAPPER_EXTENSION = octest;
			};
			name = Debug;
		};
		EF296BCD17BBFB7B00208786 /* Release */ = {
			isa = XCBuildConfiguration;
			buildSettings = {
				BUNDLE_LOADER = "$(BUILT_PRODUCTS_DIR)/OpsCheckSample.app/OpsCheckSample";
				FRAMEWORK_SEARCH_PATHS = (
					"\"$(SDKROOT)/Developer/Library/Frameworks\"",
					"\"$(DEVELOPER_LIBRARY_DIR)/Frameworks\"",
				);
				GCC_PRECOMPILE_PREFIX_HEADER = YES;
				GCC_PREFIX_HEADER = "OpsCheckSample/OpsCheckSample-Prefix.pch";
				INFOPLIST_FILE = "OpsCheckSampleTests/OpsCheckSampleTests-Info.plist";
				PRODUCT_NAME = "$(TARGET_NAME)";
				TEST_HOST = "$(BUNDLE_LOADER)";
				WRAPPER_EXTENSION = octest;
			};
			name = Release;
		};
/* End XCBuildConfiguration section */

/* Begin XCConfigurationList section */
		EF296B8817BBFB7B00208786 /* Build configuration list for PBXProject "OpsCheckSample" */ = {
			isa = XCConfigurationList;
			buildConfigurations = (
				EF296BC617BBFB7B00208786 /* Debug */,
				EF296BC717BBFB7B00208786 /* Release */,
			);
			defaultConfigurationIsVisible = 0;
			defaultConfigurationName = Release;
		};
		EF296BC817BBFB7B00208786 /* Build configuration list for PBXNativeTarget "OpsCheckSample" */ = {
			isa = XCConfigurationList;
			buildConfigurations = (
				EF296BC917BBFB7B00208786 /* Debug */,
				EF296BCA17BBFB7B00208786 /* Release */,
			);
			defaultConfigurationIsVisible = 0;
		};
		EF296BCB17BBFB7B00208786 /* Build configuration list for PBXNativeTarget "OpsCheckSampleTests" */ = {
			isa = XCConfigurationList;
			buildConfigurations = (
				EF296BCC17BBFB7B00208786 /* Debug */,
				EF296BCD17BBFB7B00208786 /* Release */,
			);
			defaultConfigurationIsVisible = 0;
		};
/* End XCConfigurationList section */
	};
	rootObject = EF296B8517BBFB7B00208786 /* Project object */;
}
